{
  "name": "js.targetdom",
  "version": "1.0.4",
  "lockfileVersion": 2,
  "requires": true,
  "packages": {
    "": {
      "name": "js.targetdom",
      "version": "1.0.4",
      "license": "ISC",
      "dependencies": {
        "js.targetdom": "^1.0.1"
      }
    },
    "node_modules/js.targetdom": {
      "version": "1.0.4",
      "resolved": "https://registry.npmjs.org/js.targetdom/-/js.targetdom-1.0.4.tgz",
      "integrity": "sha512-jejHnxcVDiublQJMa6prFzKsbEQNuMFjsuPLWjqyB2XelKXFwZV1Q/RpQy/m4No+nKLHuWBo5qVasnD9cNTM+A=="
    }
  },
  "dependencies": {
    "js.targetdom": {
      "version": "1.0.4",
      "resolved": "https://registry.npmjs.org/js.targetdom/-/js.targetdom-1.0.4.tgz",
      "integrity": "sha512-jejHnxcVDiublQJMa6prFzKsbEQNuMFjsuPLWjqyB2XelKXFwZV1Q/RpQy/m4No+nKLHuWBo5qVasnD9cNTM+A=="
    }
  }
}
